Microsoft Visual Studio Solution File, Format Version 12.00
# Visual Studio Version 17
VisualStudioVersion = 17.5.2.0
MinimumVisualStudioVersion = 10.0.40219.1
Project("{FAE04EC0-301F-11D3-BF4B-00C04F79EFBC}") = "IppResponseCollector", "src\IppResponseCollector\IppResponseCollector.csproj", "{EA6A2E8A-DE87-CE2E-9CDD-7C26BC06A4DA}"
EndProject
Global
	GlobalSection(SolutionConfigurationPlatforms) = preSolution
		Debug|Any CPU = Debug|Any CPU
		Release|Any CPU = Release|Any CPU
	EndGlobalSection
	GlobalSection(ProjectConfigurationPlatforms) = postSolution
		{EA6A2E8A-DE87-CE2E-9CDD-7C26BC06A4DA}.Debug|Any CPU.ActiveCfg = Debug|Any CPU
		{EA6A2E8A-DE87-CE2E-9CDD-7C26BC06A4DA}.Debug|Any CPU.Build.0 = Debug|Any CPU
		{EA6A2E8A-DE87-CE2E-9CDD-7C26BC06A4DA}.Release|Any CPU.ActiveCfg = Release|Any CPU
		{EA6A2E8A-DE87-CE2E-9CDD-7C26BC06A4DA}.Release|Any CPU.Build.0 = Release|Any CPU
	EndGlobalSection
	GlobalSection(SolutionProperties) = preSolution
		HideSolutionNode = FALSE
	EndGlobalSection
	GlobalSection(ExtensibilityGlobals) = postSolution
		SolutionGuid = {717A4E56-26DD-479B-A5B6-6E59F67D98BE}
	EndGlobalSection
EndGlobal
